
Microsoft Visual Studio Solution File, Format Version 12.00
# Visual Studio Version 17
VisualStudioVersion = 17.3.32929.385
MinimumVisualStudioVersion = 10.0.40219.1
Project("{FAE04EC0-301F-11D3-BF4B-00C04F79EFBC}") = "University.API", "University.API\University.API.csproj", "{DEDA85CD-4C0E-4467-BE38-BB9723A2BD1F}"
EndProject
Project("{FAE04EC0-301F-11D3-BF4B-00C04F79EFBC}") = "University.DAL", "University.DAL\University.DAL.csproj", "{C2BC8272-BCB2-4256-8F38-48F0FDC77D69}"
EndProject
Global
	GlobalSection(SolutionConfigurationPlatforms) = preSolution
		Debug|Any CPU = Debug|Any CPU
		Release|Any CPU = Release|Any CPU
	EndGlobalSection
	GlobalSection(ProjectConfigurationPlatforms) = postSolution
		{DEDA85CD-4C0E-4467-BE38-BB9723A2BD1F}.Debug|Any CPU.ActiveCfg = Debug|Any CPU
		{DEDA85CD-4C0E-4467-BE38-BB9723A2BD1F}.Debug|Any CPU.Build.0 = Debug|Any CPU
		{DEDA85CD-4C0E-4467-BE38-BB9723A2BD1F}.Release|Any CPU.ActiveCfg = Release|Any CPU
		{DEDA85CD-4C0E-4467-BE38-BB9723A2BD1F}.Release|Any CPU.Build.0 = Release|Any CPU
		{C2BC8272-BCB2-4256-8F38-48F0FDC77D69}.Debug|Any CPU.ActiveCfg = Debug|Any CPU
		{C2BC8272-BCB2-4256-8F38-48F0FDC77D69}.Debug|Any CPU.Build.0 = Debug|Any CPU
		{C2BC8272-BCB2-4256-8F38-48F0FDC77D69}.Release|Any CPU.ActiveCfg = Release|Any CPU
		{C2BC8272-BCB2-4256-8F38-48F0FDC77D69}.Release|Any CPU.Build.0 = Release|Any CPU
	EndGlobalSection
	GlobalSection(SolutionProperties) = preSolution
		HideSolutionNode = FALSE
	EndGlobalSection
	GlobalSection(ExtensibilityGlobals) = postSolution
		SolutionGuid = {599F90B9-3D47-45D1-B0C8-1318BF8FB6BF}
	EndGlobalSection
EndGlobal
